
Microsoft Visual Studio Solution File, Format Version 11.00
# Visual Studio 2010
Project("{FAE04EC0-301F-11D3-BF4B-00C04F79EFBC}") = "TclP07CS - SysUI Ctrl", "TclP07CS - SysUI Ctrl\TclP07CS - SysUI Ctrl.csproj", "{34A11CB3-7C91-41FD-9294-6759EFF8BF07}"
EndProject
Global
	GlobalSection(SolutionConfigurationPlatforms) = preSolution
		Debug|x86 = Debug|x86
		Release|x86 = Release|x86
	EndGlobalSection
	GlobalSection(ProjectConfigurationPlatforms) = postSolution
		{34A11CB3-7C91-41FD-9294-6759EFF8BF07}.Debug|x86.ActiveCfg = Debug|x86
		{34A11CB3-7C91-41FD-9294-6759EFF8BF07}.Debug|x86.Build.0 = Debug|x86
		{34A11CB3-7C91-41FD-9294-6759EFF8BF07}.Release|x86.ActiveCfg = Release|x86
		{34A11CB3-7C91-41FD-9294-6759EFF8BF07}.Release|x86.Build.0 = Release|x86
	EndGlobalSection
	GlobalSection(SolutionProperties) = preSolution
		HideSolutionNode = FALSE
	EndGlobalSection
EndGlobal
